
Microsoft Visual Studio Solution File, Format Version 12.00
# Visual Studio 15
VisualStudioVersion = 15.0.26730.16
MinimumVisualStudioVersion = 10.0.40219.1
Project("{FAE04EC0-301F-11D3-BF4B-00C04F79EFBC}") = "Lab5.ConsoleApp", "Lab5.ConsoleApp\Lab5.ConsoleApp.csproj", "{95F94802-E91B-4CBB-BB54-718E6B48878C}"
EndProject
Global
	GlobalSection(SolutionConfigurationPlatforms) = preSolution
		Debug|Any CPU = Debug|Any CPU
		Release|Any CPU = Release|Any CPU
	EndGlobalSection
	GlobalSection(ProjectConfigurationPlatforms) = postSolution
		{95F94802-E91B-4CBB-BB54-718E6B48878C}.Debug|Any CPU.ActiveCfg = Debug|Any CPU
		{95F94802-E91B-4CBB-BB54-718E6B48878C}.Debug|Any CPU.Build.0 = Debug|Any CPU
		{95F94802-E91B-4CBB-BB54-718E6B48878C}.Release|Any CPU.ActiveCfg = Release|Any CPU
		{95F94802-E91B-4CBB-BB54-718E6B48878C}.Release|Any CPU.Build.0 = Release|Any CPU
	EndGlobalSection
	GlobalSection(SolutionProperties) = preSolution
		HideSolutionNode = FALSE
	EndGlobalSection
	GlobalSection(ExtensibilityGlobals) = postSolution
		SolutionGuid = {06617CFF-AFD1-4F56-8E3B-DF398387DC28}
	EndGlobalSection
EndGlobal
